// !$*UTF8*$!
{
	archiveVersion = 1;
	classes = {
	};
	objectVersion = 46;
	objects = {

/* Begin PBXBuildFile section */
		F396B96D228388A900C8ED1A /* RNDoordeckSdk.m in Sources */ = {isa = PBXBuildFile; fileRef = F396B96A228388A900C8ED1A /* RNDoordeckSdk.m */; };
		F396BE7722838CEF00C8ED1A /* RNDoordeckSdk.swift in Sources */ = {isa = PBXBuildFile; fileRef = F396B96C228388A900C8ED1A /* RNDoordeckSdk.swift */; };
		F3E556C4233D15E600C0B672 /* SwiftyTimer.swift in Sources */ = {isa = PBXBuildFile; fileRef = F3E55682233D15E600C0B672 /* SwiftyTimer.swift */; };
		F3E556C5233D15E600C0B672 /* FontStyle.swift in Sources */ = {isa = PBXBuildFile; fileRef = F3E55683233D15E600C0B672 /* FontStyle.swift */; };
		F3E556C6233D15E600C0B672 /* CacheHelper.swift in Sources */ = {isa = PBXBuildFile; fileRef = F3E55684233D15E600C0B672 /* CacheHelper.swift */; };
		F3E556C7233D15E600C0B672 /* NotificationCenter.swift in Sources */ = {isa = PBXBuildFile; fileRef = F3E55685233D15E600C0B672 /* NotificationCenter.swift */; };
		F3E556C8233D15E600C0B672 /* UimageViewExtension.swift in Sources */ = {isa = PBXBuildFile; fileRef = F3E55686233D15E600C0B672 /* UimageViewExtension.swift */; };
		F3E556C9233D15E600C0B672 /* Util.swift in Sources */ = {isa = PBXBuildFile; fileRef = F3E55687233D15E600C0B672 /* Util.swift */; };
		F3E556CA233D15E600C0B672 /* UserDefaults.swift in Sources */ = {isa = PBXBuildFile; fileRef = F3E55688233D15E600C0B672 /* UserDefaults.swift */; };
		F3E556CB233D15E600C0B672 /* StringExtension.swift in Sources */ = {isa = PBXBuildFile; fileRef = F3E55689233D15E600C0B672 /* StringExtension.swift */; };
		F3E556CC233D15E600C0B672 /* Font.swift in Sources */ = {isa = PBXBuildFile; fileRef = F3E5568A233D15E600C0B672 /* Font.swift */; };
		F3E556CD233D15E600C0B672 /* SDKEvent.swift in Sources */ = {isa = PBXBuildFile; fileRef = F3E5568B233D15E600C0B672 /* SDKEvent.swift */; };
		F3E556CE233D15E600C0B672 /* UIApplication.swift in Sources */ = {isa = PBXBuildFile; fileRef = F3E5568C233D15E600C0B672 /* UIApplication.swift */; };
		F3E556CF233D15E600C0B672 /* LabelExtension.swift in Sources */ = {isa = PBXBuildFile; fileRef = F3E5568D233D15E600C0B672 /* LabelExtension.swift */; };
		F3E556D0233D15E600C0B672 /* JsonHelper.swift in Sources */ = {isa = PBXBuildFile; fileRef = F3E5568E233D15E600C0B672 /* JsonHelper.swift */; };
		F3E556D1233D15E600C0B672 /* DateExtension.swift in Sources */ = {isa = PBXBuildFile; fileRef = F3E5568F233D15E600C0B672 /* DateExtension.swift */; };
		F3E556D2233D15E600C0B672 /* Button.swift in Sources */ = {isa = PBXBuildFile; fileRef = F3E55690233D15E600C0B672 /* Button.swift */; };
		F3E556D3233D15E600C0B672 /* UIApplicationiOS.swift in Sources */ = {isa = PBXBuildFile; fileRef = F3E55691233D15E600C0B672 /* UIApplicationiOS.swift */; };
		F3E556D4233D15E600C0B672 /* CertificateChainClass.swift in Sources */ = {isa = PBXBuildFile; fileRef = F3E55693233D15E600C0B672 /* CertificateChainClass.swift */; };
		F3E556D5233D15E600C0B672 /* KeychainHelper.swift in Sources */ = {isa = PBXBuildFile; fileRef = F3E55694233D15E600C0B672 /* KeychainHelper.swift */; };
		F3E556D6233D15E600C0B672 /* TokenHelper.swift in Sources */ = {isa = PBXBuildFile; fileRef = F3E55695233D15E600C0B672 /* TokenHelper.swift */; };
		F3E556D7233D15E600C0B672 /* SodiumHelper.swift in Sources */ = {isa = PBXBuildFile; fileRef = F3E55696233D15E600C0B672 /* SodiumHelper.swift */; };
		F3E556D8233D15E600C0B672 /* AuthTokenClass.swift in Sources */ = {isa = PBXBuildFile; fileRef = F3E55697233D15E600C0B672 /* AuthTokenClass.swift */; };
		F3E556D9233D15E700C0B672 /* DoordeckSDKUI.swift in Sources */ = {isa = PBXBuildFile; fileRef = F3E55698233D15E600C0B672 /* DoordeckSDKUI.swift */; };
		F3E556DA233D15E700C0B672 /* AFRequest.swift in Sources */ = {isa = PBXBuildFile; fileRef = F3E5569A233D15E600C0B672 /* AFRequest.swift */; };
		F3E556DB233D15E700C0B672 /* ReachabilityHelper.swift in Sources */ = {isa = PBXBuildFile; fileRef = F3E5569B233D15E600C0B672 /* ReachabilityHelper.swift */; };
		F3E556DC233D15E700C0B672 /* APIClient.swift in Sources */ = {isa = PBXBuildFile; fileRef = F3E5569C233D15E600C0B672 /* APIClient.swift */; };
		F3E556DD233D15E700C0B672 /* QueryManager.swift in Sources */ = {isa = PBXBuildFile; fileRef = F3E556A3233D15E600C0B672 /* QueryManager.swift */; };
		F3E556DE233D15E700C0B672 /* URLManager.swift in Sources */ = {isa = PBXBuildFile; fileRef = F3E556A4233D15E600C0B672 /* URLManager.swift */; };
		F3E556DF233D15E700C0B672 /* unlockAnimations.swift in Sources */ = {isa = PBXBuildFile; fileRef = F3E556A6233D15E600C0B672 /* unlockAnimations.swift */; };
		F3E556E0233D15E700C0B672 /* QCMethod.swift in Sources */ = {isa = PBXBuildFile; fileRef = F3E556A7233D15E600C0B672 /* QCMethod.swift */; };
		F3E556E1233D15E700C0B672 /* Sites.swift in Sources */ = {isa = PBXBuildFile; fileRef = F3E556A8233D15E600C0B672 /* Sites.swift */; };
		F3E556E2233D15E700C0B672 /* LockManager.swift in Sources */ = {isa = PBXBuildFile; fileRef = F3E556A9233D15E600C0B672 /* LockManager.swift */; };
		F3E556E3233D15E700C0B672 /* LockDevice.swift in Sources */ = {isa = PBXBuildFile; fileRef = F3E556AA233D15E600C0B672 /* LockDevice.swift */; };
		F3E556E4233D15E700C0B672 /* WhereAmI.swift in Sources */ = {isa = PBXBuildFile; fileRef = F3E556AD233D15E600C0B672 /* WhereAmI.swift */; };
		F3E556E5233D15E700C0B672 /* LocationProfile.swift in Sources */ = {isa = PBXBuildFile; fileRef = F3E556AE233D15E600C0B672 /* LocationProfile.swift */; };
		F3E556E6233D15E700C0B672 /* UIColor.swift in Sources */ = {isa = PBXBuildFile; fileRef = F3E556B0233D15E600C0B672 /* UIColor.swift */; };
		F3E556E7233D15E700C0B672 /* InitializeDoordeck.swift in Sources */ = {isa = PBXBuildFile; fileRef = F3E556B1233D15E600C0B672 /* InitializeDoordeck.swift */; };
		F3E556E8233D15E700C0B672 /* LockUnlockViewController.swift in Sources */ = {isa = PBXBuildFile; fileRef = F3E556B3233D15E600C0B672 /* LockUnlockViewController.swift */; };
		F3E556E9233D15E700C0B672 /* QuickEntryViewController.swift in Sources */ = {isa = PBXBuildFile; fileRef = F3E556B8233D15E600C0B672 /* QuickEntryViewController.swift */; };
		F3E556EA233D15E700C0B672 /* BottomViewController.swift in Sources */ = {isa = PBXBuildFile; fileRef = F3E556B9233D15E600C0B672 /* BottomViewController.swift */; };
		F3E556EB233D15E700C0B672 /* BottomViewControllerQR.swift in Sources */ = {isa = PBXBuildFile; fileRef = F3E556BA233D15E600C0B672 /* BottomViewControllerQR.swift */; };
		F3E556EC233D15E700C0B672 /* AppStrings.swift in Sources */ = {isa = PBXBuildFile; fileRef = F3E556BC233D15E600C0B672 /* AppStrings.swift */; };
		F3E556ED233D15E700C0B672 /* DeviceHelper.swift in Sources */ = {isa = PBXBuildFile; fileRef = F3E556BD233D15E600C0B672 /* DeviceHelper.swift */; };
		F3E556EE233D15E700C0B672 /* AppStringsSDKExtension.swift in Sources */ = {isa = PBXBuildFile; fileRef = F3E556BE233D15E600C0B672 /* AppStringsSDKExtension.swift */; };
		F3E556EF233D15E700C0B672 /* CustomPrint.swift in Sources */ = {isa = PBXBuildFile; fileRef = F3E556BF233D15E600C0B672 /* CustomPrint.swift */; };
		F3E556F0233D15E700C0B672 /* VerificationViewController.swift in Sources */ = {isa = PBXBuildFile; fileRef = F3E556C1233D15E600C0B672 /* VerificationViewController.swift */; };
/* End PBXBuildFile section */

/* Begin PBXCopyFilesBuildPhase section */
		58B511D91A9E6C8500147676 /* CopyFiles */ = {
			isa = PBXCopyFilesBuildPhase;
			buildActionMask = 2147483647;
			dstPath = "include/$(PRODUCT_NAME)";
			dstSubfolderSpec = 16;
			files = (
			);
			runOnlyForDeploymentPostprocessing = 0;
		};
/* End PBXCopyFilesBuildPhase section */

/* Begin PBXFileReference section */
		134814201AA4EA6300B7C361 /* libRNDoordeckSdk.a */ = {isa = PBXFileReference; explicitFileType = archive.ar; includeInIndex = 0; path = libRNDoordeckSdk.a; sourceTree = BUILT_PRODUCTS_DIR; };
		F396B96A228388A900C8ED1A /* RNDoordeckSdk.m */ = {isa = PBXFileReference; fileEncoding = 4; lastKnownFileType = sourcecode.c.objc; path = RNDoordeckSdk.m; sourceTree = "<group>"; };
		F396B96B228388A900C8ED1A /* RNDoordeckSdk.h */ = {isa = PBXFileReference; fileEncoding = 4; lastKnownFileType = sourcecode.c.h; path = RNDoordeckSdk.h; sourceTree = "<group>"; };
		F396B96C228388A900C8ED1A /* RNDoordeckSdk.swift */ = {isa = PBXFileReference; fileEncoding = 4; lastKnownFileType = sourcecode.swift; path = RNDoordeckSdk.swift; sourceTree = "<group>"; };
		F3E55680233D15E600C0B672 /* Media.xcassets */ = {isa = PBXFileReference; lastKnownFileType = folder.assetcatalog; path = Media.xcassets; sourceTree = "<group>"; };
		F3E55682233D15E600C0B672 /* SwiftyTimer.swift */ = {isa = PBXFileReference; fileEncoding = 4; lastKnownFileType = sourcecode.swift; path = SwiftyTimer.swift; sourceTree = "<group>"; };
		F3E55683233D15E600C0B672 /* FontStyle.swift */ = {isa = PBXFileReference; fileEncoding = 4; lastKnownFileType = sourcecode.swift; path = FontStyle.swift; sourceTree = "<group>"; };
		F3E55684233D15E600C0B672 /* CacheHelper.swift */ = {isa = PBXFileReference; fileEncoding = 4; lastKnownFileType = sourcecode.swift; path = CacheHelper.swift; sourceTree = "<group>"; };
		F3E55685233D15E600C0B672 /* NotificationCenter.swift */ = {isa = PBXFileReference; fileEncoding = 4; lastKnownFileType = sourcecode.swift; path = NotificationCenter.swift; sourceTree = "<group>"; };
		F3E55686233D15E600C0B672 /* UimageViewExtension.swift */ = {isa = PBXFileReference; fileEncoding = 4; lastKnownFileType = sourcecode.swift; path = UimageViewExtension.swift; sourceTree = "<group>"; };
		F3E55687233D15E600C0B672 /* Util.swift */ = {isa = PBXFileReference; fileEncoding = 4; lastKnownFileType = sourcecode.swift; path = Util.swift; sourceTree = "<group>"; };
		F3E55688233D15E600C0B672 /* UserDefaults.swift */ = {isa = PBXFileReference; fileEncoding = 4; lastKnownFileType = sourcecode.swift; path = UserDefaults.swift; sourceTree = "<group>"; };
		F3E55689233D15E600C0B672 /* StringExtension.swift */ = {isa = PBXFileReference; fileEncoding = 4; lastKnownFileType = sourcecode.swift; path = StringExtension.swift; sourceTree = "<group>"; };
		F3E5568A233D15E600C0B672 /* Font.swift */ = {isa = PBXFileReference; fileEncoding = 4; lastKnownFileType = sourcecode.swift; path = Font.swift; sourceTree = "<group>"; };
		F3E5568B233D15E600C0B672 /* SDKEvent.swift */ = {isa = PBXFileReference; fileEncoding = 4; lastKnownFileType = sourcecode.swift; path = SDKEvent.swift; sourceTree = "<group>"; };
		F3E5568C233D15E600C0B672 /* UIApplication.swift */ = {isa = PBXFileReference; fileEncoding = 4; lastKnownFileType = sourcecode.swift; path = UIApplication.swift; sourceTree = "<group>"; };
		F3E5568D233D15E600C0B672 /* LabelExtension.swift */ = {isa = PBXFileReference; fileEncoding = 4; lastKnownFileType = sourcecode.swift; path = LabelExtension.swift; sourceTree = "<group>"; };
		F3E5568E233D15E600C0B672 /* JsonHelper.swift */ = {isa = PBXFileReference; fileEncoding = 4; lastKnownFileType = sourcecode.swift; path = JsonHelper.swift; sourceTree = "<group>"; };
		F3E5568F233D15E600C0B672 /* DateExtension.swift */ = {isa = PBXFileReference; fileEncoding = 4; lastKnownFileType = sourcecode.swift; path = DateExtension.swift; sourceTree = "<group>"; };
		F3E55690233D15E600C0B672 /* Button.swift */ = {isa = PBXFileReference; fileEncoding = 4; lastKnownFileType = sourcecode.swift; path = Button.swift; sourceTree = "<group>"; };
		F3E55691233D15E600C0B672 /* UIApplicationiOS.swift */ = {isa = PBXFileReference; fileEncoding = 4; lastKnownFileType = sourcecode.swift; path = UIApplicationiOS.swift; sourceTree = "<group>"; };
		F3E55693233D15E600C0B672 /* CertificateChainClass.swift */ = {isa = PBXFileReference; fileEncoding = 4; lastKnownFileType = sourcecode.swift; path = CertificateChainClass.swift; sourceTree = "<group>"; };
		F3E55694233D15E600C0B672 /* KeychainHelper.swift */ = {isa = PBXFileReference; fileEncoding = 4; lastKnownFileType = sourcecode.swift; path = KeychainHelper.swift; sourceTree = "<group>"; };
		F3E55695233D15E600C0B672 /* TokenHelper.swift */ = {isa = PBXFileReference; fileEncoding = 4; lastKnownFileType = sourcecode.swift; path = TokenHelper.swift; sourceTree = "<group>"; };
		F3E55696233D15E600C0B672 /* SodiumHelper.swift */ = {isa = PBXFileReference; fileEncoding = 4; lastKnownFileType = sourcecode.swift; path = SodiumHelper.swift; sourceTree = "<group>"; };
		F3E55697233D15E600C0B672 /* AuthTokenClass.swift */ = {isa = PBXFileReference; fileEncoding = 4; lastKnownFileType = sourcecode.swift; path = AuthTokenClass.swift; sourceTree = "<group>"; };
		F3E55698233D15E600C0B672 /* DoordeckSDKUI.swift */ = {isa = PBXFileReference; fileEncoding = 4; lastKnownFileType = sourcecode.swift; path = DoordeckSDKUI.swift; sourceTree = "<group>"; };
		F3E5569A233D15E600C0B672 /* AFRequest.swift */ = {isa = PBXFileReference; fileEncoding = 4; lastKnownFileType = sourcecode.swift; path = AFRequest.swift; sourceTree = "<group>"; };
		F3E5569B233D15E600C0B672 /* ReachabilityHelper.swift */ = {isa = PBXFileReference; fileEncoding = 4; lastKnownFileType = sourcecode.swift; path = ReachabilityHelper.swift; sourceTree = "<group>"; };
		F3E5569C233D15E600C0B672 /* APIClient.swift */ = {isa = PBXFileReference; fileEncoding = 4; lastKnownFileType = sourcecode.swift; path = APIClient.swift; sourceTree = "<group>"; };
		F3E5569E233D15E600C0B672 /* SFSRootCAG2.cer */ = {isa = PBXFileReference; lastKnownFileType = file; path = SFSRootCAG2.cer; sourceTree = "<group>"; };
		F3E5569F233D15E600C0B672 /* AmazonRootCA4.cer */ = {isa = PBXFileReference; lastKnownFileType = file; path = AmazonRootCA4.cer; sourceTree = "<group>"; };
		F3E556A0233D15E600C0B672 /* AmazonRootCA2.cer */ = {isa = PBXFileReference; lastKnownFileType = file; path = AmazonRootCA2.cer; sourceTree = "<group>"; };
		F3E556A1233D15E600C0B672 /* AmazonRootCA3.cer */ = {isa = PBXFileReference; lastKnownFileType = file; path = AmazonRootCA3.cer; sourceTree = "<group>"; };
		F3E556A2233D15E600C0B672 /* AmazonRootCA1.cer */ = {isa = PBXFileReference; lastKnownFileType = file; path = AmazonRootCA1.cer; sourceTree = "<group>"; };
		F3E556A3233D15E600C0B672 /* QueryManager.swift */ = {isa = PBXFileReference; fileEncoding = 4; lastKnownFileType = sourcecode.swift; path = QueryManager.swift; sourceTree = "<group>"; };
		F3E556A4233D15E600C0B672 /* URLManager.swift */ = {isa = PBXFileReference; fileEncoding = 4; lastKnownFileType = sourcecode.swift; path = URLManager.swift; sourceTree = "<group>"; };
		F3E556A6233D15E600C0B672 /* unlockAnimations.swift */ = {isa = PBXFileReference; fileEncoding = 4; lastKnownFileType = sourcecode.swift; path = unlockAnimations.swift; sourceTree = "<group>"; };
		F3E556A7233D15E600C0B672 /* QCMethod.swift */ = {isa = PBXFileReference; fileEncoding = 4; lastKnownFileType = sourcecode.swift; path = QCMethod.swift; sourceTree = "<group>"; };
		F3E556A8233D15E600C0B672 /* Sites.swift */ = {isa = PBXFileReference; fileEncoding = 4; lastKnownFileType = sourcecode.swift; path = Sites.swift; sourceTree = "<group>"; };
		F3E556A9233D15E600C0B672 /* LockManager.swift */ = {isa = PBXFileReference; fileEncoding = 4; lastKnownFileType = sourcecode.swift; path = LockManager.swift; sourceTree = "<group>"; };
		F3E556AA233D15E600C0B672 /* LockDevice.swift */ = {isa = PBXFileReference; fileEncoding = 4; lastKnownFileType = sourcecode.swift; path = LockDevice.swift; sourceTree = "<group>"; };
		F3E556AD233D15E600C0B672 /* WhereAmI.swift */ = {isa = PBXFileReference; fileEncoding = 4; lastKnownFileType = sourcecode.swift; path = WhereAmI.swift; sourceTree = "<group>"; };
		F3E556AE233D15E600C0B672 /* LocationProfile.swift */ = {isa = PBXFileReference; fileEncoding = 4; lastKnownFileType = sourcecode.swift; path = LocationProfile.swift; sourceTree = "<group>"; };
		F3E556B0233D15E600C0B672 /* UIColor.swift */ = {isa = PBXFileReference; fileEncoding = 4; lastKnownFileType = sourcecode.swift; path = UIColor.swift; sourceTree = "<group>"; };
		F3E556B1233D15E600C0B672 /* InitializeDoordeck.swift */ = {isa = PBXFileReference; fileEncoding = 4; lastKnownFileType = sourcecode.swift; path = InitializeDoordeck.swift; sourceTree = "<group>"; };
		F3E556B3233D15E600C0B672 /* LockUnlockViewController.swift */ = {isa = PBXFileReference; fileEncoding = 4; lastKnownFileType = sourcecode.swift; path = LockUnlockViewController.swift; sourceTree = "<group>"; };
		F3E556B5233D15E600C0B672 /* Base */ = {isa = PBXFileReference; lastKnownFileType = file.storyboard; name = Base; path = Base.lproj/LockUnlockScreen.storyboard; sourceTree = "<group>"; };
		F3E556B7233D15E600C0B672 /* Base */ = {isa = PBXFileReference; lastKnownFileType = file.storyboard; name = Base; path = Base.lproj/QuickEntryStoryboard.storyboard; sourceTree = "<group>"; };
		F3E556B8233D15E600C0B672 /* QuickEntryViewController.swift */ = {isa = PBXFileReference; fileEncoding = 4; lastKnownFileType = sourcecode.swift; path = QuickEntryViewController.swift; sourceTree = "<group>"; };
		F3E556B9233D15E600C0B672 /* BottomViewController.swift */ = {isa = PBXFileReference; fileEncoding = 4; lastKnownFileType = sourcecode.swift; path = BottomViewController.swift; sourceTree = "<group>"; };
		F3E556BA233D15E600C0B672 /* BottomViewControllerQR.swift */ = {isa = PBXFileReference; fileEncoding = 4; lastKnownFileType = sourcecode.swift; path = BottomViewControllerQR.swift; sourceTree = "<group>"; };
		F3E556BC233D15E600C0B672 /* AppStrings.swift */ = {isa = PBXFileReference; fileEncoding = 4; lastKnownFileType = sourcecode.swift; path = AppStrings.swift; sourceTree = "<group>"; };
		F3E556BD233D15E600C0B672 /* DeviceHelper.swift */ = {isa = PBXFileReference; fileEncoding = 4; lastKnownFileType = sourcecode.swift; path = DeviceHelper.swift; sourceTree = "<group>"; };
		F3E556BE233D15E600C0B672 /* AppStringsSDKExtension.swift */ = {isa = PBXFileReference; fileEncoding = 4; lastKnownFileType = sourcecode.swift; path = AppStringsSDKExtension.swift; sourceTree = "<group>"; };
		F3E556BF233D15E600C0B672 /* CustomPrint.swift */ = {isa = PBXFileReference; fileEncoding = 4; lastKnownFileType = sourcecode.swift; path = CustomPrint.swift; sourceTree = "<group>"; };
		F3E556C1233D15E600C0B672 /* VerificationViewController.swift */ = {isa = PBXFileReference; fileEncoding = 4; lastKnownFileType = sourcecode.swift; path = VerificationViewController.swift; sourceTree = "<group>"; };
		F3E556C2233D15E600C0B672 /* VerificationStoryboard.storyboard */ = {isa = PBXFileReference; fileEncoding = 4; lastKnownFileType = file.storyboard; path = VerificationStoryboard.storyboard; sourceTree = "<group>"; };
		F3E556C3233D15E600C0B672 /* doordeck_sdk_swift.h */ = {isa = PBXFileReference; fileEncoding = 4; lastKnownFileType = sourcecode.c.h; path = doordeck_sdk_swift.h; sourceTree = "<group>"; };
		F3E556F1233D162D00C0B672 /* RNDoordeckSdk-Bridging-Header.h */ = {isa = PBXFileReference; fileEncoding = 4; lastKnownFileType = sourcecode.c.h; path = "RNDoordeckSdk-Bridging-Header.h"; sourceTree = "<group>"; };
/* End PBXFileReference section */

/* Begin PBXFrameworksBuildPhase section */
		58B511D81A9E6C8500147676 /* Frameworks */ = {
			isa = PBXFrameworksBuildPhase;
			buildActionMask = 2147483647;
			files = (
			);
			runOnlyForDeploymentPostprocessing = 0;
		};
/* End PBXFrameworksBuildPhase section */

/* Begin PBXGroup section */
		134814211AA4EA7D00B7C361 /* Products */ = {
			isa = PBXGroup;
			children = (
				134814201AA4EA6300B7C361 /* libRNDoordeckSdk.a */,
			);
			name = Products;
			sourceTree = "<group>";
		};
		58B511D21A9E6C8500147676 = {
			isa = PBXGroup;
			children = (
				F3AFAD6C22843A08006E8224 /* doordeck-sdk */,
				134814211AA4EA7D00B7C361 /* Products */,
			);
			sourceTree = "<group>";
		};
		F3AFAD6C22843A08006E8224 /* doordeck-sdk */ = {
			isa = PBXGroup;
			children = (
				F3E556F1233D162D00C0B672 /* RNDoordeckSdk-Bridging-Header.h */,
				F3E5567F233D15E600C0B672 /* doordeck-sdk-swift */,
				F396B96B228388A900C8ED1A /* RNDoordeckSdk.h */,
				F396B96A228388A900C8ED1A /* RNDoordeckSdk.m */,
				F396B96C228388A900C8ED1A /* RNDoordeckSdk.swift */,
			);
			path = "doordeck-sdk";
			sourceTree = "<group>";
		};
		F3E5567F233D15E600C0B672 /* doordeck-sdk-swift */ = {
			isa = PBXGroup;
			children = (
				F3E55680233D15E600C0B672 /* Media.xcassets */,
				F3E55681233D15E600C0B672 /* Util */,
				F3E55692233D15E600C0B672 /* Security */,
				F3E55698233D15E600C0B672 /* DoordeckSDKUI.swift */,
				F3E55699233D15E600C0B672 /* Network */,
				F3E556A5233D15E600C0B672 /* Lock */,
				F3E556AB233D15E600C0B672 /* Dependencies */,
				F3E556AF233D15E600C0B672 /* Styles */,
				F3E556B1233D15E600C0B672 /* InitializeDoordeck.swift */,
				F3E556B2233D15E600C0B672 /* Quick Entry */,
				F3E556BB233D15E600C0B672 /* Aux */,
				F3E556C0233D15E600C0B672 /* Verification Screen */,
				F3E556C3233D15E600C0B672 /* doordeck_sdk_swift.h */,
			);
			path = "doordeck-sdk-swift";
			sourceTree = "<group>";
		};
		F3E55681233D15E600C0B672 /* Util */ = {
			isa = PBXGroup;
			children = (
				F3E55682233D15E600C0B672 /* SwiftyTimer.swift */,
				F3E55683233D15E600C0B672 /* FontStyle.swift */,
				F3E55684233D15E600C0B672 /* CacheHelper.swift */,
				F3E55685233D15E600C0B672 /* NotificationCenter.swift */,
				F3E55686233D15E600C0B672 /* UimageViewExtension.swift */,
				F3E55687233D15E600C0B672 /* Util.swift */,
				F3E55688233D15E600C0B672 /* UserDefaults.swift */,
				F3E55689233D15E600C0B672 /* StringExtension.swift */,
				F3E5568A233D15E600C0B672 /* Font.swift */,
				F3E5568B233D15E600C0B672 /* SDKEvent.swift */,
				F3E5568C233D15E600C0B672 /* UIApplication.swift */,
				F3E5568D233D15E600C0B672 /* LabelExtension.swift */,
				F3E5568E233D15E600C0B672 /* JsonHelper.swift */,
				F3E5568F233D15E600C0B672 /* DateExtension.swift */,
				F3E55690233D15E600C0B672 /* Button.swift */,
				F3E55691233D15E600C0B672 /* UIApplicationiOS.swift */,
			);
			path = Util;
			sourceTree = "<group>";
		};
		F3E55692233D15E600C0B672 /* Security */ = {
			isa = PBXGroup;
			children = (
				F3E55693233D15E600C0B672 /* CertificateChainClass.swift */,
				F3E55694233D15E600C0B672 /* KeychainHelper.swift */,
				F3E55695233D15E600C0B672 /* TokenHelper.swift */,
				F3E55696233D15E600C0B672 /* SodiumHelper.swift */,
				F3E55697233D15E600C0B672 /* AuthTokenClass.swift */,
			);
			path = Security;
			sourceTree = "<group>";
		};
		F3E55699233D15E600C0B672 /* Network */ = {
			isa = PBXGroup;
			children = (
				F3E5569A233D15E600C0B672 /* AFRequest.swift */,
				F3E5569B233D15E600C0B672 /* ReachabilityHelper.swift */,
				F3E5569C233D15E600C0B672 /* APIClient.swift */,
				F3E5569D233D15E600C0B672 /* CER */,
				F3E556A3233D15E600C0B672 /* QueryManager.swift */,
				F3E556A4233D15E600C0B672 /* URLManager.swift */,
			);
			path = Network;
			sourceTree = "<group>";
		};
		F3E5569D233D15E600C0B672 /* CER */ = {
			isa = PBXGroup;
			children = (
				F3E5569E233D15E600C0B672 /* SFSRootCAG2.cer */,
				F3E5569F233D15E600C0B672 /* AmazonRootCA4.cer */,
				F3E556A0233D15E600C0B672 /* AmazonRootCA2.cer */,
				F3E556A1233D15E600C0B672 /* AmazonRootCA3.cer */,
				F3E556A2233D15E600C0B672 /* AmazonRootCA1.cer */,
			);
			path = CER;
			sourceTree = "<group>";
		};
		F3E556A5233D15E600C0B672 /* Lock */ = {
			isa = PBXGroup;
			children = (
				F3E556A6233D15E600C0B672 /* unlockAnimations.swift */,
				F3E556A7233D15E600C0B672 /* QCMethod.swift */,
				F3E556A8233D15E600C0B672 /* Sites.swift */,
				F3E556A9233D15E600C0B672 /* LockManager.swift */,
				F3E556AA233D15E600C0B672 /* LockDevice.swift */,
			);
			path = Lock;
			sourceTree = "<group>";
		};
		F3E556AB233D15E600C0B672 /* Dependencies */ = {
			isa = PBXGroup;
			children = (
				F3E556AC233D15E600C0B672 /* WhereAmI */,
			);
			path = Dependencies;
			sourceTree = "<group>";
		};
		F3E556AC233D15E600C0B672 /* WhereAmI */ = {
			isa = PBXGroup;
			children = (
				F3E556AD233D15E600C0B672 /* WhereAmI.swift */,
				F3E556AE233D15E600C0B672 /* LocationProfile.swift */,
			);
			path = WhereAmI;
			sourceTree = "<group>";
		};
		F3E556AF233D15E600C0B672 /* Styles */ = {
			isa = PBXGroup;
			children = (
				F3E556B0233D15E600C0B672 /* UIColor.swift */,
			);
			path = Styles;
			sourceTree = "<group>";
		};
		F3E556B2233D15E600C0B672 /* Quick Entry */ = {
			isa = PBXGroup;
			children = (
				F3E556B3233D15E600C0B672 /* LockUnlockViewController.swift */,
				F3E556B4233D15E600C0B672 /* LockUnlockScreen.storyboard */,
				F3E556B6233D15E600C0B672 /* QuickEntryStoryboard.storyboard */,
				F3E556B8233D15E600C0B672 /* QuickEntryViewController.swift */,
				F3E556B9233D15E600C0B672 /* BottomViewController.swift */,
				F3E556BA233D15E600C0B672 /* BottomViewControllerQR.swift */,
			);
			path = "Quick Entry";
			sourceTree = "<group>";
		};
		F3E556BB233D15E600C0B672 /* Aux */ = {
			isa = PBXGroup;
			children = (
				F3E556BC233D15E600C0B672 /* AppStrings.swift */,
				F3E556BD233D15E600C0B672 /* DeviceHelper.swift */,
				F3E556BE233D15E600C0B672 /* AppStringsSDKExtension.swift */,
				F3E556BF233D15E600C0B672 /* CustomPrint.swift */,
			);
			path = Aux;
			sourceTree = "<group>";
		};
		F3E556C0233D15E600C0B672 /* Verification Screen */ = {
			isa = PBXGroup;
			children = (
				F3E556C1233D15E600C0B672 /* VerificationViewController.swift */,
				F3E556C2233D15E600C0B672 /* VerificationStoryboard.storyboard */,
			);
			path = "Verification Screen";
			sourceTree = "<group>";
		};
/* End PBXGroup section */

/* Begin PBXNativeTarget section */
		58B511DA1A9E6C8500147676 /* RNDoordeckSdk */ = {
			isa = PBXNativeTarget;
			buildConfigurationList = 58B511EF1A9E6C8500147676 /* Build configuration list for PBXNativeTarget "RNDoordeckSdk" */;
			buildPhases = (
				58B511D71A9E6C8500147676 /* Sources */,
				58B511D81A9E6C8500147676 /* Frameworks */,
				58B511D91A9E6C8500147676 /* CopyFiles */,
			);
			buildRules = (
			);
			dependencies = (
			);
			name = RNDoordeckSdk;
			productName = RCTDataManager;
			productReference = 134814201AA4EA6300B7C361 /* libRNDoordeckSdk.a */;
			productType = "com.apple.product-type.library.static";
		};
/* End PBXNativeTarget section */

/* Begin PBXProject section */
		58B511D31A9E6C8500147676 /* Project object */ = {
			isa = PBXProject;
			attributes = {
				LastUpgradeCheck = 0920;
				ORGANIZATIONNAME = Facebook;
				TargetAttributes = {
					58B511DA1A9E6C8500147676 = {
						CreatedOnToolsVersion = 6.1.1;
						LastSwiftMigration = 1020;
					};
				};
			};
			buildConfigurationList = 58B511D61A9E6C8500147676 /* Build configuration list for PBXProject "RNDoordeckSdk" */;
			compatibilityVersion = "Xcode 3.2";
			developmentRegion = English;
			hasScannedForEncodings = 0;
			knownRegions = (
				English,
				en,
				Base,
			);
			mainGroup = 58B511D21A9E6C8500147676;
			productRefGroup = 58B511D21A9E6C8500147676;
			projectDirPath = "";
			projectRoot = "";
			targets = (
				58B511DA1A9E6C8500147676 /* RNDoordeckSdk */,
			);
		};
/* End PBXProject section */

/* Begin PBXSourcesBuildPhase section */
		58B511D71A9E6C8500147676 /* Sources */ = {
			isa = PBXSourcesBuildPhase;
			buildActionMask = 2147483647;
			files = (
				F3E556EB233D15E700C0B672 /* BottomViewControllerQR.swift in Sources */,
				F3E556CF233D15E600C0B672 /* LabelExtension.swift in Sources */,
				F3E556EF233D15E700C0B672 /* CustomPrint.swift in Sources */,
				F3E556CE233D15E600C0B672 /* UIApplication.swift in Sources */,
				F3E556DF233D15E700C0B672 /* unlockAnimations.swift in Sources */,
				F3E556D3233D15E600C0B672 /* UIApplicationiOS.swift in Sources */,
				F3E556D5233D15E600C0B672 /* KeychainHelper.swift in Sources */,
				F3E556C4233D15E600C0B672 /* SwiftyTimer.swift in Sources */,
				F3E556F0233D15E700C0B672 /* VerificationViewController.swift in Sources */,
				F3E556CD233D15E600C0B672 /* SDKEvent.swift in Sources */,
				F3E556E8233D15E700C0B672 /* LockUnlockViewController.swift in Sources */,
				F3E556ED233D15E700C0B672 /* DeviceHelper.swift in Sources */,
				F3E556CC233D15E600C0B672 /* Font.swift in Sources */,
				F3E556EE233D15E700C0B672 /* AppStringsSDKExtension.swift in Sources */,
				F3E556D4233D15E600C0B672 /* CertificateChainClass.swift in Sources */,
				F3E556DB233D15E700C0B672 /* ReachabilityHelper.swift in Sources */,
				F3E556C7233D15E600C0B672 /* NotificationCenter.swift in Sources */,
				F3E556CB233D15E600C0B672 /* StringExtension.swift in Sources */,
				F3E556C6233D15E600C0B672 /* CacheHelper.swift in Sources */,
				F3E556C9233D15E600C0B672 /* Util.swift in Sources */,
				F3E556E1233D15E700C0B672 /* Sites.swift in Sources */,
				F3E556D8233D15E600C0B672 /* AuthTokenClass.swift in Sources */,
				F3E556DD233D15E700C0B672 /* QueryManager.swift in Sources */,
				F3E556E0233D15E700C0B672 /* QCMethod.swift in Sources */,
				F3E556EC233D15E700C0B672 /* AppStrings.swift in Sources */,
				F3E556E7233D15E700C0B672 /* InitializeDoordeck.swift in Sources */,
				F3E556D1233D15E600C0B672 /* DateExtension.swift in Sources */,
				F3E556D0233D15E600C0B672 /* JsonHelper.swift in Sources */,
				F3E556E4233D15E700C0B672 /* WhereAmI.swift in Sources */,
				F3E556E9233D15E700C0B672 /* QuickEntryViewController.swift in Sources */,
				F396BE7722838CEF00C8ED1A /* RNDoordeckSdk.swift in Sources */,
				F3E556E6233D15E700C0B672 /* UIColor.swift in Sources */,
				F3E556CA233D15E600C0B672 /* UserDefaults.swift in Sources */,
				F3E556DE233D15E700C0B672 /* URLManager.swift in Sources */,
				F3E556EA233D15E700C0B672 /* BottomViewController.swift in Sources */,
				F3E556D9233D15E700C0B672 /* DoordeckSDKUI.swift in Sources */,
				F3E556C5233D15E600C0B672 /* FontStyle.swift in Sources */,
				F3E556C8233D15E600C0B672 /* UimageViewExtension.swift in Sources */,
				F3E556E2233D15E700C0B672 /* LockManager.swift in Sources */,
				F3E556D7233D15E600C0B672 /* SodiumHelper.swift in Sources */,
				F3E556DA233D15E700C0B672 /* AFRequest.swift in Sources */,
				F3E556E5233D15E700C0B672 /* LocationProfile.swift in Sources */,
				F3E556D6233D15E600C0B672 /* TokenHelper.swift in Sources */,
				F396B96D228388A900C8ED1A /* RNDoordeckSdk.m in Sources */,
				F3E556D2233D15E600C0B672 /* Button.swift in Sources */,
				F3E556E3233D15E700C0B672 /* LockDevice.swift in Sources */,
				F3E556DC233D15E700C0B672 /* APIClient.swift in Sources */,
			);
			runOnlyForDeploymentPostprocessing = 0;
		};
/* End PBXSourcesBuildPhase section */

/* Begin PBXVariantGroup section */
		F3E556B4233D15E600C0B672 /* LockUnlockScreen.storyboard */ = {
			isa = PBXVariantGroup;
			children = (
				F3E556B5233D15E600C0B672 /* Base */,
			);
			name = LockUnlockScreen.storyboard;
			sourceTree = "<group>";
		};
		F3E556B6233D15E600C0B672 /* QuickEntryStoryboard.storyboard */ = {
			isa = PBXVariantGroup;
			children = (
				F3E556B7233D15E600C0B672 /* Base */,
			);
			name = QuickEntryStoryboard.storyboard;
			sourceTree = "<group>";
		};
/* End PBXVariantGroup section */

/* Begin XCBuildConfiguration section */
		58B511ED1A9E6C8500147676 /* Debug */ = {
			isa = XCBuildConfiguration;
			buildSettings = {
				ALWAYS_SEARCH_USER_PATHS = NO;
				CLANG_CXX_LANGUAGE_STANDARD = "gnu++0x";
				CLANG_CXX_LIBRARY = "libc++";
				CLANG_ENABLE_MODULES = YES;
				CLANG_ENABLE_OBJC_ARC = YES;
				CLANG_WARN_BLOCK_CAPTURE_AUTORELEASING = YES;
				CLANG_WARN_BOOL_CONVERSION = YES;
				CLANG_WARN_COMMA = YES;
				CLANG_WARN_CONSTANT_CONVERSION = YES;
				CLANG_WARN_DIRECT_OBJC_ISA_USAGE = YES_ERROR;
				CLANG_WARN_EMPTY_BODY = YES;
				CLANG_WARN_ENUM_CONVERSION = YES;
				CLANG_WARN_INFINITE_RECURSION = YES;
				CLANG_WARN_INT_CONVERSION = YES;
				CLANG_WARN_NON_LITERAL_NULL_CONVERSION = YES;
				CLANG_WARN_OBJC_LITERAL_CONVERSION = YES;
				CLANG_WARN_OBJC_ROOT_CLASS = YES_ERROR;
				CLANG_WARN_RANGE_LOOP_ANALYSIS = YES;
				CLANG_WARN_STRICT_PROTOTYPES = YES;
				CLANG_WARN_SUSPICIOUS_MOVE = YES;
				CLANG_WARN_UNREACHABLE_CODE = YES;
				CLANG_WARN__DUPLICATE_METHOD_MATCH = YES;
				COPY_PHASE_STRIP = NO;
				ENABLE_STRICT_OBJC_MSGSEND = YES;
				ENABLE_TESTABILITY = YES;
				GCC_C_LANGUAGE_STANDARD = gnu99;
				GCC_DYNAMIC_NO_PIC = NO;
				GCC_NO_COMMON_BLOCKS = YES;
				GCC_OPTIMIZATION_LEVEL = 0;
				GCC_PREPROCESSOR_DEFINITIONS = (
					"DEBUG=1",
					"$(inherited)",
				);
				GCC_SYMBOLS_PRIVATE_EXTERN = NO;
				GCC_WARN_64_TO_32_BIT_CONVERSION = YES;
				GCC_WARN_ABOUT_RETURN_TYPE = YES_ERROR;
				GCC_WARN_UNDECLARED_SELECTOR = YES;
				GCC_WARN_UNINITIALIZED_AUTOS = YES_AGGRESSIVE;
				GCC_WARN_UNUSED_FUNCTION = YES;
				GCC_WARN_UNUSED_VARIABLE = YES;
				IPHONEOS_DEPLOYMENT_TARGET = 8.0;
				MTL_ENABLE_DEBUG_INFO = YES;
				ONLY_ACTIVE_ARCH = YES;
				SDKROOT = iphoneos;
			};
			name = Debug;
		};
		58B511EE1A9E6C8500147676 /* Release */ = {
			isa = XCBuildConfiguration;
			buildSettings = {
				ALWAYS_SEARCH_USER_PATHS = NO;
				CLANG_CXX_LANGUAGE_STANDARD = "gnu++0x";
				CLANG_CXX_LIBRARY = "libc++";
				CLANG_ENABLE_MODULES = YES;
				CLANG_ENABLE_OBJC_ARC = YES;
				CLANG_WARN_BLOCK_CAPTURE_AUTORELEASING = YES;
				CLANG_WARN_BOOL_CONVERSION = YES;
				CLANG_WARN_COMMA = YES;
				CLANG_WARN_CONSTANT_CONVERSION = YES;
				CLANG_WARN_DIRECT_OBJC_ISA_USAGE = YES_ERROR;
				CLANG_WARN_EMPTY_BODY = YES;
				CLANG_WARN_ENUM_CONVERSION = YES;
				CLANG_WARN_INFINITE_RECURSION = YES;
				CLANG_WARN_INT_CONVERSION = YES;
				CLANG_WARN_NON_LITERAL_NULL_CONVERSION = YES;
				CLANG_WARN_OBJC_LITERAL_CONVERSION = YES;
				CLANG_WARN_OBJC_ROOT_CLASS = YES_ERROR;
				CLANG_WARN_RANGE_LOOP_ANALYSIS = YES;
				CLANG_WARN_STRICT_PROTOTYPES = YES;
				CLANG_WARN_SUSPICIOUS_MOVE = YES;
				CLANG_WARN_UNREACHABLE_CODE = YES;
				CLANG_WARN__DUPLICATE_METHOD_MATCH = YES;
				COPY_PHASE_STRIP = YES;
				ENABLE_NS_ASSERTIONS = NO;
				ENABLE_STRICT_OBJC_MSGSEND = YES;
				GCC_C_LANGUAGE_STANDARD = gnu99;
				GCC_NO_COMMON_BLOCKS = YES;
				GCC_WARN_64_TO_32_BIT_CONVERSION = YES;
				GCC_WARN_ABOUT_RETURN_TYPE = YES_ERROR;
				GCC_WARN_UNDECLARED_SELECTOR = YES;
				GCC_WARN_UNINITIALIZED_AUTOS = YES_AGGRESSIVE;
				GCC_WARN_UNUSED_FUNCTION = YES;
				GCC_WARN_UNUSED_VARIABLE = YES;
				IPHONEOS_DEPLOYMENT_TARGET = 8.0;
				MTL_ENABLE_DEBUG_INFO = NO;
				SDKROOT = iphoneos;
				VALIDATE_PRODUCT = YES;
			};
			name = Release;
		};
		58B511F01A9E6C8500147676 /* Debug */ = {
			isa = XCBuildConfiguration;
			buildSettings = {
				CLANG_ENABLE_MODULES = YES;
				HEADER_SEARCH_PATHS = (
					"$(inherited)",
					/Applications/Xcode.app/Contents/Developer/Toolchains/XcodeDefault.xctoolchain/usr/include,
					"$(SRCROOT)/../../../React/**",
					"$(SRCROOT)/../../react-native/React/**",
				);
				LD_RUNPATH_SEARCH_PATHS = "$(inherited) @executable_path/Frameworks @loader_path/Frameworks";
				LIBRARY_SEARCH_PATHS = "$(inherited)";
				OTHER_LDFLAGS = "-ObjC";
				PRODUCT_NAME = RNDoordeckSdk;
				SKIP_INSTALL = YES;
				SWIFT_OBJC_BRIDGING_HEADER = "RNDoordeckSdk-Bridging-Header.h";
				SWIFT_OPTIMIZATION_LEVEL = "-Onone";
				SWIFT_VERSION = 5.0;
			};
			name = Debug;
		};
		58B511F11A9E6C8500147676 /* Release */ = {
			isa = XCBuildConfiguration;
			buildSettings = {
				CLANG_ENABLE_MODULES = YES;
				HEADER_SEARCH_PATHS = (
					"$(inherited)",
					/Applications/Xcode.app/Contents/Developer/Toolchains/XcodeDefault.xctoolchain/usr/include,
					"$(SRCROOT)/../../../React/**",
					"$(SRCROOT)/../../react-native/React/**",
				);
				LD_RUNPATH_SEARCH_PATHS = "$(inherited) @executable_path/Frameworks @loader_path/Frameworks";
				LIBRARY_SEARCH_PATHS = "$(inherited)";
				OTHER_LDFLAGS = "-ObjC";
				PRODUCT_NAME = RNDoordeckSdk;
				SKIP_INSTALL = YES;
				SWIFT_OBJC_BRIDGING_HEADER = "RNDoordeckSdk-Bridging-Header.h";
				SWIFT_VERSION = 5.0;
			};
			name = Release;
		};
/* End XCBuildConfiguration section */

/* Begin XCConfigurationList section */
		58B511D61A9E6C8500147676 /* Build configuration list for PBXProject "RNDoordeckSdk" */ = {
			isa = XCConfigurationList;
			buildConfigurations = (
				58B511ED1A9E6C8500147676 /* Debug */,
				58B511EE1A9E6C8500147676 /* Release */,
			);
			defaultConfigurationIsVisible = 0;
			defaultConfigurationName = Release;
		};
		58B511EF1A9E6C8500147676 /* Build configuration list for PBXNativeTarget "RNDoordeckSdk" */ = {
			isa = XCConfigurationList;
			buildConfigurations = (
				58B511F01A9E6C8500147676 /* Debug */,
				58B511F11A9E6C8500147676 /* Release */,
			);
			defaultConfigurationIsVisible = 0;
			defaultConfigurationName = Release;
		};
/* End XCConfigurationList section */
	};
	rootObject = 58B511D31A9E6C8500147676 /* Project object */;
}
